
Microsoft Visual Studio Solution File, Format Version 12.00
# Visual Studio Version 16
VisualStudioVersion = 16.0.32002.261
MinimumVisualStudioVersion = 10.0.40219.1
Project("{FAE04EC0-301F-11D3-BF4B-00C04F79EFBC}") = "ADAINDEX", "ADAINDEX\ADAINDEX.csproj", "{0FA08785-6809-4F5E-8EF4-ADB02658511F}"
EndProject
Global
	GlobalSection(SolutionConfigurationPlatforms) = preSolution
		Debug|Any CPU = Debug|Any CPU
		Release|Any CPU = Release|Any CPU
	EndGlobalSection
	GlobalSection(ProjectConfigurationPlatforms) = postSolution
		{0FA08785-6809-4F5E-8EF4-ADB02658511F}.Debug|Any CPU.ActiveCfg = Debug|Any CPU
		{0FA08785-6809-4F5E-8EF4-ADB02658511F}.Debug|Any CPU.Build.0 = Debug|Any CPU
		{0FA08785-6809-4F5E-8EF4-ADB02658511F}.Release|Any CPU.ActiveCfg = Release|Any CPU
		{0FA08785-6809-4F5E-8EF4-ADB02658511F}.Release|Any CPU.Build.0 = Release|Any CPU
	EndGlobalSection
	GlobalSection(SolutionProperties) = preSolution
		HideSolutionNode = FALSE
	EndGlobalSection
	GlobalSection(ExtensibilityGlobals) = postSolution
		SolutionGuid = {5ED2F004-B2F9-4DD7-A90C-A91C7AE8BC51}
	EndGlobalSection
EndGlobal
