
Microsoft Visual Studio Solution File, Format Version 12.00
# Visual Studio Version 16
VisualStudioVersion = 16.0.32002.261
MinimumVisualStudioVersion = 10.0.40219.1
Project("{FAE04EC0-301F-11D3-BF4B-00C04F79EFBC}") = "Alien", "Alien\Alien.csproj", "{7611A76F-ECC8-473A-82BB-0AEDD0FEC0FB}"
EndProject
Global
	GlobalSection(SolutionConfigurationPlatforms) = preSolution
		Debug|Any CPU = Debug|Any CPU
		Release|Any CPU = Release|Any CPU
	EndGlobalSection
	GlobalSection(ProjectConfigurationPlatforms) = postSolution
		{7611A76F-ECC8-473A-82BB-0AEDD0FEC0FB}.Debug|Any CPU.ActiveCfg = Debug|Any CPU
		{7611A76F-ECC8-473A-82BB-0AEDD0FEC0FB}.Debug|Any CPU.Build.0 = Debug|Any CPU
		{7611A76F-ECC8-473A-82BB-0AEDD0FEC0FB}.Release|Any CPU.ActiveCfg = Release|Any CPU
		{7611A76F-ECC8-473A-82BB-0AEDD0FEC0FB}.Release|Any CPU.Build.0 = Release|Any CPU
	EndGlobalSection
	GlobalSection(SolutionProperties) = preSolution
		HideSolutionNode = FALSE
	EndGlobalSection
	GlobalSection(ExtensibilityGlobals) = postSolution
		SolutionGuid = {6C1DF8AB-EE2C-4727-8E33-520667D180D4}
	EndGlobalSection
EndGlobal
