
Microsoft Visual Studio Solution File, Format Version 12.00
# Visual Studio Version 16
VisualStudioVersion = 16.0.32002.261
MinimumVisualStudioVersion = 10.0.40219.1
Project("{FAE04EC0-301F-11D3-BF4B-00C04F79EFBC}") = "STPAR", "STPAR\STPAR.csproj", "{E2FDC3E2-328E-463E-92E3-EDF6092D55EC}"
EndProject
Global
	GlobalSection(SolutionConfigurationPlatforms) = preSolution
		Debug|Any CPU = Debug|Any CPU
		Release|Any CPU = Release|Any CPU
	EndGlobalSection
	GlobalSection(ProjectConfigurationPlatforms) = postSolution
		{E2FDC3E2-328E-463E-92E3-EDF6092D55EC}.Debug|Any CPU.ActiveCfg = Debug|Any CPU
		{E2FDC3E2-328E-463E-92E3-EDF6092D55EC}.Debug|Any CPU.Build.0 = Debug|Any CPU
		{E2FDC3E2-328E-463E-92E3-EDF6092D55EC}.Release|Any CPU.ActiveCfg = Release|Any CPU
		{E2FDC3E2-328E-463E-92E3-EDF6092D55EC}.Release|Any CPU.Build.0 = Release|Any CPU
	EndGlobalSection
	GlobalSection(SolutionProperties) = preSolution
		HideSolutionNode = FALSE
	EndGlobalSection
	GlobalSection(ExtensibilityGlobals) = postSolution
		SolutionGuid = {00173123-F9A1-44F3-AC60-4032DC0C8266}
	EndGlobalSection
EndGlobal
