
Microsoft Visual Studio Solution File, Format Version 12.00
# Visual Studio Version 16
VisualStudioVersion = 16.0.32002.261
MinimumVisualStudioVersion = 10.0.40219.1
Project("{FAE04EC0-301F-11D3-BF4B-00C04F79EFBC}") = "UOFTCC", "UOFTCC\UOFTCC.csproj", "{0E74DE79-9E05-4CCA-ACFC-609767BAC060}"
EndProject
Global
	GlobalSection(SolutionConfigurationPlatforms) = preSolution
		Debug|Any CPU = Debug|Any CPU
		Release|Any CPU = Release|Any CPU
	EndGlobalSection
	GlobalSection(ProjectConfigurationPlatforms) = postSolution
		{0E74DE79-9E05-4CCA-ACFC-609767BAC060}.Debug|Any CPU.ActiveCfg = Debug|Any CPU
		{0E74DE79-9E05-4CCA-ACFC-609767BAC060}.Debug|Any CPU.Build.0 = Debug|Any CPU
		{0E74DE79-9E05-4CCA-ACFC-609767BAC060}.Release|Any CPU.ActiveCfg = Release|Any CPU
		{0E74DE79-9E05-4CCA-ACFC-609767BAC060}.Release|Any CPU.Build.0 = Release|Any CPU
	EndGlobalSection
	GlobalSection(SolutionProperties) = preSolution
		HideSolutionNode = FALSE
	EndGlobalSection
	GlobalSection(ExtensibilityGlobals) = postSolution
		SolutionGuid = {CD5F041B-40FD-49E8-A8F5-3D86CEA968F7}
	EndGlobalSection
EndGlobal
