
Microsoft Visual Studio Solution File, Format Version 12.00
# Visual Studio Version 16
VisualStudioVersion = 16.0.32002.261
MinimumVisualStudioVersion = 10.0.40219.1
Project("{FAE04EC0-301F-11D3-BF4B-00C04F79EFBC}") = "PQUEUE", "PQUEUE\PQUEUE.csproj", "{78B0B57B-5677-404A-8AC8-2F5B796A95B5}"
EndProject
Global
	GlobalSection(SolutionConfigurationPlatforms) = preSolution
		Debug|Any CPU = Debug|Any CPU
		Release|Any CPU = Release|Any CPU
	EndGlobalSection
	GlobalSection(ProjectConfigurationPlatforms) = postSolution
		{78B0B57B-5677-404A-8AC8-2F5B796A95B5}.Debug|Any CPU.ActiveCfg = Debug|Any CPU
		{78B0B57B-5677-404A-8AC8-2F5B796A95B5}.Debug|Any CPU.Build.0 = Debug|Any CPU
		{78B0B57B-5677-404A-8AC8-2F5B796A95B5}.Release|Any CPU.ActiveCfg = Release|Any CPU
		{78B0B57B-5677-404A-8AC8-2F5B796A95B5}.Release|Any CPU.Build.0 = Release|Any CPU
	EndGlobalSection
	GlobalSection(SolutionProperties) = preSolution
		HideSolutionNode = FALSE
	EndGlobalSection
	GlobalSection(ExtensibilityGlobals) = postSolution
		SolutionGuid = {E561BF41-5B30-4F68-B5ED-F41F5526556B}
	EndGlobalSection
EndGlobal
