
Microsoft Visual Studio Solution File, Format Version 12.00
# Visual Studio Version 16
VisualStudioVersion = 16.0.32002.261
MinimumVisualStudioVersion = 10.0.40219.1
Project("{FAE04EC0-301F-11D3-BF4B-00C04F79EFBC}") = "ARRAYSUB - subarrays", "ARRAYSUB - subarrays\ARRAYSUB - subarrays.csproj", "{C1CDFBD3-D52B-463C-8D7C-BBF999EA524F}"
EndProject
Global
	GlobalSection(SolutionConfigurationPlatforms) = preSolution
		Debug|Any CPU = Debug|Any CPU
		Release|Any CPU = Release|Any CPU
	EndGlobalSection
	GlobalSection(ProjectConfigurationPlatforms) = postSolution
		{C1CDFBD3-D52B-463C-8D7C-BBF999EA524F}.Debug|Any CPU.ActiveCfg = Debug|Any CPU
		{C1CDFBD3-D52B-463C-8D7C-BBF999EA524F}.Debug|Any CPU.Build.0 = Debug|Any CPU
		{C1CDFBD3-D52B-463C-8D7C-BBF999EA524F}.Release|Any CPU.ActiveCfg = Release|Any CPU
		{C1CDFBD3-D52B-463C-8D7C-BBF999EA524F}.Release|Any CPU.Build.0 = Release|Any CPU
	EndGlobalSection
	GlobalSection(SolutionProperties) = preSolution
		HideSolutionNode = FALSE
	EndGlobalSection
	GlobalSection(ExtensibilityGlobals) = postSolution
		SolutionGuid = {AF4E0CF3-E331-4414-B661-A628BF38B7FF}
	EndGlobalSection
EndGlobal
