
Microsoft Visual Studio Solution File, Format Version 12.00
# Visual Studio Version 16
VisualStudioVersion = 16.0.32002.261
MinimumVisualStudioVersion = 10.0.40219.1
Project("{FAE04EC0-301F-11D3-BF4B-00C04F79EFBC}") = "MultiSetClassLibrary", "MultiSetClassLibrary\MultiSetClassLibrary.csproj", "{9FEF9F75-5439-4FFC-AB54-2A6F60BE7EDF}"
EndProject
Project("{FAE04EC0-301F-11D3-BF4B-00C04F79EFBC}") = "Program", "Program\Program.csproj", "{9169DCE6-29BD-4D4C-894D-A2EFF245F514}"
EndProject
Project("{FAE04EC0-301F-11D3-BF4B-00C04F79EFBC}") = "MultiSetTest", "MultiSetTest\MultiSetTest.csproj", "{2B082EAB-E0E8-4784-B70B-D5D0A8373480}"
EndProject
Global
	GlobalSection(SolutionConfigurationPlatforms) = preSolution
		Debug|Any CPU = Debug|Any CPU
		Release|Any CPU = Release|Any CPU
	EndGlobalSection
	GlobalSection(ProjectConfigurationPlatforms) = postSolution
		{9FEF9F75-5439-4FFC-AB54-2A6F60BE7EDF}.Debug|Any CPU.ActiveCfg = Debug|Any CPU
		{9FEF9F75-5439-4FFC-AB54-2A6F60BE7EDF}.Debug|Any CPU.Build.0 = Debug|Any CPU
		{9FEF9F75-5439-4FFC-AB54-2A6F60BE7EDF}.Release|Any CPU.ActiveCfg = Release|Any CPU
		{9FEF9F75-5439-4FFC-AB54-2A6F60BE7EDF}.Release|Any CPU.Build.0 = Release|Any CPU
		{9169DCE6-29BD-4D4C-894D-A2EFF245F514}.Debug|Any CPU.ActiveCfg = Debug|Any CPU
		{9169DCE6-29BD-4D4C-894D-A2EFF245F514}.Debug|Any CPU.Build.0 = Debug|Any CPU
		{9169DCE6-29BD-4D4C-894D-A2EFF245F514}.Release|Any CPU.ActiveCfg = Release|Any CPU
		{9169DCE6-29BD-4D4C-894D-A2EFF245F514}.Release|Any CPU.Build.0 = Release|Any CPU
		{2B082EAB-E0E8-4784-B70B-D5D0A8373480}.Debug|Any CPU.ActiveCfg = Debug|Any CPU
		{2B082EAB-E0E8-4784-B70B-D5D0A8373480}.Debug|Any CPU.Build.0 = Debug|Any CPU
		{2B082EAB-E0E8-4784-B70B-D5D0A8373480}.Release|Any CPU.ActiveCfg = Release|Any CPU
		{2B082EAB-E0E8-4784-B70B-D5D0A8373480}.Release|Any CPU.Build.0 = Release|Any CPU
	EndGlobalSection
	GlobalSection(SolutionProperties) = preSolution
		HideSolutionNode = FALSE
	EndGlobalSection
	GlobalSection(ExtensibilityGlobals) = postSolution
		SolutionGuid = {756C5634-33AE-4427-B26F-169E93884410}
	EndGlobalSection
EndGlobal
