
Microsoft Visual Studio Solution File, Format Version 12.00
# Visual Studio Version 16
VisualStudioVersion = 16.0.32002.261
MinimumVisualStudioVersion = 10.0.40219.1
Project("{FAE04EC0-301F-11D3-BF4B-00C04F79EFBC}") = "HOTELS - Hotels Along the Croatian Coast", "HOTELS - Hotels Along the Croatian Coast\HOTELS - Hotels Along the Croatian Coast.csproj", "{8AA24B06-7AF8-4A84-9299-CA5C5408023C}"
EndProject
Global
	GlobalSection(SolutionConfigurationPlatforms) = preSolution
		Debug|Any CPU = Debug|Any CPU
		Release|Any CPU = Release|Any CPU
	EndGlobalSection
	GlobalSection(ProjectConfigurationPlatforms) = postSolution
		{8AA24B06-7AF8-4A84-9299-CA5C5408023C}.Debug|Any CPU.ActiveCfg = Debug|Any CPU
		{8AA24B06-7AF8-4A84-9299-CA5C5408023C}.Debug|Any CPU.Build.0 = Debug|Any CPU
		{8AA24B06-7AF8-4A84-9299-CA5C5408023C}.Release|Any CPU.ActiveCfg = Release|Any CPU
		{8AA24B06-7AF8-4A84-9299-CA5C5408023C}.Release|Any CPU.Build.0 = Release|Any CPU
	EndGlobalSection
	GlobalSection(SolutionProperties) = preSolution
		HideSolutionNode = FALSE
	EndGlobalSection
	GlobalSection(ExtensibilityGlobals) = postSolution
		SolutionGuid = {E900BFB3-0226-40C4-B065-2F3298742059}
	EndGlobalSection
EndGlobal
